PODS:
  - IQKeyboardManagerSwift (6.5.6)
  - SwiftLint (0.44.0)

DEPENDENCIES:
  - IQKeyboardManagerSwift
  - SwiftLint

SPEC REPOS:
  trunk:
    - IQKeyboardManagerSwift
    - SwiftLint

SPEC CHECKSUMS:
  IQKeyboardManagerSwift: c7df9d2deb356c04522f5c4b7b6e4ce4d8ed94fe
  SwiftLint: e96c0a8c770c7ebbc4d36c55baf9096bb65c4584

PODFILE CHECKSUM: b452d902ff18e95c984ca844c16d0ca7077a4a40

COCOAPODS: 1.11.2
